
Microsoft Visual Studio Solution File, Format Version 12.00
# Visual Studio 15
VisualStudioVersion = 15.0.28307.168
MinimumVisualStudioVersion = 10.0.40219.1
Project("{FAE04EC0-301F-11D3-BF4B-00C04F79EFBC}") = "VisualStudioSolutionUpdater", "VisualStudioSolutionUpdater\VisualStudioSolutionUpdater.csproj", "{8C4DD05B-C418-446F-B02C-F58B54297430}"
EndProject
Global
	GlobalSection(SolutionConfigurationPlatforms) = preSolution
		Debug|Any CPU = Debug|Any CPU
		Release|Any CPU = Release|Any CPU
	EndGlobalSection
	GlobalSection(ProjectConfigurationPlatforms) = postSolution
		{8C4DD05B-C418-446F-B02C-F58B54297430}.Debug|Any CPU.ActiveCfg = Debug|Any CPU
		{8C4DD05B-C418-446F-B02C-F58B54297430}.Debug|Any CPU.Build.0 = Debug|Any CPU
		{8C4DD05B-C418-446F-B02C-F58B54297430}.Release|Any CPU.ActiveCfg = Release|Any CPU
		{8C4DD05B-C418-446F-B02C-F58B54297430}.Release|Any CPU.Build.0 = Release|Any CPU
	EndGlobalSection
	GlobalSection(SolutionProperties) = preSolution
		HideSolutionNode = FALSE
	EndGlobalSection
	GlobalSection(ExtensibilityGlobals) = postSolution
		SolutionGuid = {871A4EA8-F04F-4649-B240-B348A7E7AFEE}
	EndGlobalSection
EndGlobal
