Microsoft Visual Studio Solution File, Format Version 12.00
# Visual Studio 15
VisualStudioVersion = 15.0.28307.645
MinimumVisualStudioVersion = 10.0.40219.1
Project("{FAE04EC0-301F-11D3-BF4B-00C04F79EFBC}") = "A", "A\A.csproj", "{2005322B-8F44-42B1-B691-8AC1846376F6}"
EndProject
Project("{2150E333-8FDC-42A3-9474-1A3956D46DE8}") = "Dependencies", "Dependencies", "{DA34CE5D-031A-4C97-8DE8-A81F98C0288A}"
EndProject
Project("{FAE04EC0-301F-11D3-BF4B-00C04F79EFBC}") = "B", "B\B.csproj", "{1EEE45D8-27BD-4DE3-8CA5-2B3F3BE2644C}"
EndProject
Project("{FAE04EC0-301F-11D3-BF4B-00C04F79EFBC}") = "C", "C\C.csproj", "{3DEB8D0F-34C4-48DE-94C9-359550FA37F0}"
EndProject
Global
	GlobalSection(SolutionConfigurationPlatforms) = preSolution
		Debug|Any CPU = Debug|Any CPU
		Release|Any CPU = Release|Any CPU
	EndGlobalSection
	GlobalSection(ProjectConfigurationPlatforms) = postSolution
		{2005322B-8F44-42B1-B691-8AC1846376F6}.Debug|Any CPU.ActiveCfg = Debug|Any CPU
		{2005322B-8F44-42B1-B691-8AC1846376F6}.Debug|Any CPU.Build.0 = Debug|Any CPU
		{2005322B-8F44-42B1-B691-8AC1846376F6}.Release|Any CPU.ActiveCfg = Release|Any CPU
		{2005322B-8F44-42B1-B691-8AC1846376F6}.Release|Any CPU.Build.0 = Release|Any CPU
		{1EEE45D8-27BD-4DE3-8CA5-2B3F3BE2644C}.Debug|Any CPU.ActiveCfg = Debug|Any CPU
		{1EEE45D8-27BD-4DE3-8CA5-2B3F3BE2644C}.Debug|Any CPU.Build.0 = Debug|Any CPU
		{1EEE45D8-27BD-4DE3-8CA5-2B3F3BE2644C}.Release|Any CPU.ActiveCfg = Release|Any CPU
		{1EEE45D8-27BD-4DE3-8CA5-2B3F3BE2644C}.Release|Any CPU.Build.0 = Release|Any CPU
		{3DEB8D0F-34C4-48DE-94C9-359550FA37F0}.Debug|Any CPU.ActiveCfg = Debug|Any CPU
		{3DEB8D0F-34C4-48DE-94C9-359550FA37F0}.Debug|Any CPU.Build.0 = Debug|Any CPU
		{3DEB8D0F-34C4-48DE-94C9-359550FA37F0}.Release|Any CPU.ActiveCfg = Release|Any CPU
		{3DEB8D0F-34C4-48DE-94C9-359550FA37F0}.Release|Any CPU.Build.0 = Release|Any CPU
	EndGlobalSection
	GlobalSection(SolutionProperties) = preSolution
		HideSolutionNode = FALSE
	EndGlobalSection
	GlobalSection(NestedProjects) = preSolution
		{1EEE45D8-27BD-4DE3-8CA5-2B3F3BE2644C} = {DA34CE5D-031A-4C97-8DE8-A81F98C0288A}
		{3DEB8D0F-34C4-48DE-94C9-359550FA37F0} = {DA34CE5D-031A-4C97-8DE8-A81F98C0288A}
	EndGlobalSection
	GlobalSection(ExtensibilityGlobals) = postSolution
		SolutionGuid = {6A4857F6-9388-48DF-8C26-84E74EB206CD}
	EndGlobalSection
EndGlobal
